
Microsoft Visual Studio Solution File, Format Version 12.00
# Visual Studio 15
VisualStudioVersion = 15.0.26124.0
MinimumVisualStudioVersion = 15.0.26124.0
Project("{9A19103F-16F7-4668-BE54-9A1E7A4F7556}") = "R5T.Rome.HelloWorld", "R5T.Rome.HelloWorld\R5T.Rome.HelloWorld.csproj", "{9828A0A1-CAB5-45F1-9D2D-C79837505B1B}"
EndProject
Project("{9A19103F-16F7-4668-BE54-9A1E7A4F7556}") = "ΩMaintenance", "ΩMaintenance\ΩMaintenance.csproj", "{3AF8B02B-854A-425D-9976-6452FEACB273}"
EndProject
Project("{2150E333-8FDC-42A3-9474-1A3956D46DE8}") = "_Dependencies", "_Dependencies", "{62C99F5C-B8EB-4FEF-B5CB-BDD05C53934F}"
EndProject
Project("{9A19103F-16F7-4668-BE54-9A1E7A4F7556}") = "R5T.Rome", "..\..\R5T.Rome\source\R5T.Rome\R5T.Rome.csproj", "{8230FA03-6659-43A2-A17F-9FF8A9C57D41}"
EndProject
Project("{9A19103F-16F7-4668-BE54-9A1E7A4F7556}") = "R5T.Pompeii.Base", "..\..\R5T.Pompeii.Base\source\R5T.Pompeii.Base\R5T.Pompeii.Base.csproj", "{DB6DB1CD-A63F-4A4F-BA85-D735ABD36113}"
EndProject
Project("{9A19103F-16F7-4668-BE54-9A1E7A4F7556}") = "R5T.Pompeii.Standard", "..\..\R5T.Pompeii.Standard\source\R5T.Pompeii.Standard\R5T.Pompeii.Standard.csproj", "{3F77F693-9638-4082-8C40-BBC2FDF92C43}"
EndProject
Project("{9A19103F-16F7-4668-BE54-9A1E7A4F7556}") = "R5T.Antium.Base", "..\..\R5T.Antium.Base\source\R5T.Antium.Base\R5T.Antium.Base.csproj", "{05452A5C-0730-4453-8C13-FFBEE3BEC9BA}"
EndProject
Project("{9A19103F-16F7-4668-BE54-9A1E7A4F7556}") = "R5T.Gepidia.Base", "..\..\R5T.Gepidia.Base\source\R5T.Gepidia.Base\R5T.Gepidia.Base.csproj", "{552033E6-9476-46EC-90E4-04920540F401}"
EndProject
Project("{9A19103F-16F7-4668-BE54-9A1E7A4F7556}") = "R5T.Antium.Default", "..\..\R5T.Antium.Default\source\R5T.Antium.Default\R5T.Antium.Default.csproj", "{E30B9500-4399-4B97-8E99-B6055C5AB501}"
EndProject
Project("{9A19103F-16F7-4668-BE54-9A1E7A4F7556}") = "R5T.Dacia", "..\..\R5T.Dacia\source\R5T.Dacia\R5T.Dacia.csproj", "{EEE3782B-05B0-4138-A77D-BCE4F1273C5E}"
EndProject
Project("{9A19103F-16F7-4668-BE54-9A1E7A4F7556}") = "R5T.Suebia.Base", "..\..\R5T.Suebia.Base\source\R5T.Suebia.Base\R5T.Suebia.Base.csproj", "{FBCA95A9-E6D3-4224-B2C6-543F486BB18C}"
EndProject
Project("{9A19103F-16F7-4668-BE54-9A1E7A4F7556}") = "R5T.Gepidia.Local", "..\..\R5T.Gepidia.Local\source\R5T.Gepidia.Local\R5T.Gepidia.Local.csproj", "{CB83F21E-3307-45C5-9249-F888D4386746}"
EndProject
Project("{9A19103F-16F7-4668-BE54-9A1E7A4F7556}") = "R5T.Lombardy.Base", "..\..\R5T.Lombardy.Base\source\R5T.Lombardy.Base\R5T.Lombardy.Base.csproj", "{8EB9C063-5489-41BF-BA66-9CE293266C0B}"
EndProject
Project("{9A19103F-16F7-4668-BE54-9A1E7A4F7556}") = "R5T.Lombardy.Gepidia", "..\..\R5T.Lombardy.Gepidia\source\R5T.Lombardy.Gepidia\R5T.Lombardy.Gepidia.csproj", "{4F7B00D3-5033-4901-A4E6-855BE8759947}"
EndProject
Project("{9A19103F-16F7-4668-BE54-9A1E7A4F7556}") = "R5T.Magyar", "..\..\R5T.Magyar\source\R5T.Magyar\R5T.Magyar.csproj", "{3474E6E7-3FCF-4C2F-B36A-C2C1F7367F8D}"
EndProject
Project("{9A19103F-16F7-4668-BE54-9A1E7A4F7556}") = "R5T.Jutland.Base", "..\..\R5T.Jutland.Base\source\R5T.Jutland.Base\R5T.Jutland.Base.csproj", "{9F0B0747-0F8A-410E-9D12-A81E67803C7A}"
EndProject
Project("{9A19103F-16F7-4668-BE54-9A1E7A4F7556}") = "R5T.Suebia.Alamania", "..\..\R5T.Suebia.Alamania\source\R5T.Suebia.Alamania\R5T.Suebia.Alamania.csproj", "{12A253FC-FDE1-46CD-91D7-69F835ED7CE8}"
EndProject
Project("{9A19103F-16F7-4668-BE54-9A1E7A4F7556}") = "R5T.Alamania.Base", "..\..\R5T.Alamania.Base\source\R5T.Alamania.Base\R5T.Alamania.Base.csproj", "{BCB5D4E2-83F5-4F94-830D-3DEE3544B975}"
EndProject
Project("{9A19103F-16F7-4668-BE54-9A1E7A4F7556}") = "R5T.Ostrogothia", "..\..\R5T.Ostrogothia\source\R5T.Ostrogothia\R5T.Ostrogothia.csproj", "{1ED8CEC1-357E-4C07-A730-2F033AD054DC}"
EndProject
Project("{9A19103F-16F7-4668-BE54-9A1E7A4F7556}") = "R5T.Jutland.Newtonsoft", "..\..\R5T.Jutland.Newtonsoft\source\R5T.Jutland.Newtonsoft\R5T.Jutland.Newtonsoft.csproj", "{59EB73FA-E797-4475-8D2E-53B372C30F5A}"
EndProject
Project("{9A19103F-16F7-4668-BE54-9A1E7A4F7556}") = "R5T.Lombardy", "..\..\R5T.Lombardy\source\R5T.Lombardy\R5T.Lombardy.csproj", "{28B1BFEB-C951-4311-BA0C-47BDA4E3B378}"
EndProject
Project("{9A19103F-16F7-4668-BE54-9A1E7A4F7556}") = "R5T.Cherusci", "..\..\R5T.Cherusci\source\R5T.Cherusci\R5T.Cherusci.csproj", "{30539E19-83BD-4953-95FF-EFE85533EC37}"
EndProject
Project("{9A19103F-16F7-4668-BE54-9A1E7A4F7556}") = "R5T.Rugia", "..\..\R5T.Rugia\source\R5T.Rugia\R5T.Rugia.csproj", "{95EA4CC9-C944-4A21-9961-B15932B2BD1E}"
EndProject
Project("{9A19103F-16F7-4668-BE54-9A1E7A4F7556}") = "R5T.Rugia.Base", "..\..\R5T.Rugia.Base\source\R5T.Rugia.Base\R5T.Rugia.Base.csproj", "{22AEECFD-7539-47B0-9E60-7D3E52973F09}"
EndProject
Project("{9A19103F-16F7-4668-BE54-9A1E7A4F7556}") = "R5T.Angleterria", "..\..\R5T.Angleterria\source\R5T.Angleterria\R5T.Angleterria.csproj", "{34D1B071-2BCB-45CE-B131-34D92501C2CC}"
EndProject
Project("{9A19103F-16F7-4668-BE54-9A1E7A4F7556}") = "R5T.Macommania.Base", "..\..\R5T.Macommania.Base\source\R5T.Macommania.Base\R5T.Macommania.Base.csproj", "{2A1186E9-5909-4DD8-89E8-3A899F525A1D}"
EndProject
Project("{9A19103F-16F7-4668-BE54-9A1E7A4F7556}") = "R5T.Angleterria.Base", "..\..\R5T.Angleterria.Base\source\R5T.Angleterria.Base\R5T.Angleterria.Base.csproj", "{2E74BAC0-D97A-4B08-8438-35E4014CAFD5}"
EndProject
Project("{9A19103F-16F7-4668-BE54-9A1E7A4F7556}") = "R5T.Angleterria.Default", "..\..\R5T.Angleterria.Default\source\R5T.Angleterria.Default\R5T.Angleterria.Default.csproj", "{10644BCD-13F3-416F-8172-0925D35C4699}"
EndProject
Project("{9A19103F-16F7-4668-BE54-9A1E7A4F7556}") = "R5T.Macommania.Default", "..\..\R5T.Macommania.Default\source\R5T.Macommania.Default\R5T.Macommania.Default.csproj", "{F8555710-85A9-41B0-A048-E5A08AD674A9}"
EndProject
Project("{9A19103F-16F7-4668-BE54-9A1E7A4F7556}") = "R5T.Alamania.Bulgaria", "..\..\R5T.Alamania.Bulgaria\source\R5T.Alamania.Bulgaria\R5T.Alamania.Bulgaria.csproj", "{AF330A71-9EE9-44B7-8BEC-8E089F0EFAFA}"
EndProject
Project("{9A19103F-16F7-4668-BE54-9A1E7A4F7556}") = "R5T.Bulgaria.Base", "..\..\R5T.Bulgaria.Base\source\R5T.Bulgaria.Base\R5T.Bulgaria.Base.csproj", "{DD8229E5-4822-407B-B336-1333552A71ED}"
EndProject
Project("{9A19103F-16F7-4668-BE54-9A1E7A4F7556}") = "R5T.Costobocia.Base", "..\..\R5T.Costobocia.Base\source\R5T.Costobocia.Base\R5T.Costobocia.Base.csproj", "{698487E1-806A-4473-9C89-E968564936EE}"
EndProject
Project("{9A19103F-16F7-4668-BE54-9A1E7A4F7556}") = "R5T.Ostrogothia.Rivet", "..\..\R5T.Ostrogothia.Rivet\source\R5T.Ostrogothia.Rivet\R5T.Ostrogothia.Rivet.csproj", "{8720FD43-59A9-47DD-B532-0E9258417D3D}"
EndProject
Project("{9A19103F-16F7-4668-BE54-9A1E7A4F7556}") = "R5T.Bulgaria.Default.Local", "..\..\R5T.Bulgaria.Default.Local\source\R5T.Bulgaria.Default.Local\R5T.Bulgaria.Default.Local.csproj", "{7D7B6EDC-FB2E-47ED-ADD5-BFE47660EFED}"
EndProject
Project("{9A19103F-16F7-4668-BE54-9A1E7A4F7556}") = "R5T.Visigothia.Base", "..\..\R5T.Visigothia.Base\source\R5T.Visigothia.Base\R5T.Visigothia.Base.csproj", "{F843929D-B260-4198-B1F5-C5679475CF87}"
EndProject
Project("{9A19103F-16F7-4668-BE54-9A1E7A4F7556}") = "R5T.Visigothia.Default.Local", "..\..\R5T.Visigothia.Default.Local\source\R5T.Visigothia.Default.Local\R5T.Visigothia.Default.Local.csproj", "{B955990B-964B-4A09-B0BB-352C1DDFD207}"
EndProject
Project("{9A19103F-16F7-4668-BE54-9A1E7A4F7556}") = "R5T.Costobocia.Default", "..\..\R5T.Costobocia.Default\source\R5T.Costobocia.Default\R5T.Costobocia.Default.csproj", "{6D5BAEB2-0E65-4434-B5C5-BEBBC23DC9A7}"
EndProject
Project("{9A19103F-16F7-4668-BE54-9A1E7A4F7556}") = "R5T.Teutonia.Base", "..\..\R5T.Teutonia.Base\source\R5T.Teutonia.Base\R5T.Teutonia.Base.csproj", "{2EB84F7B-950F-4DD6-A440-C54C57BD762D}"
EndProject
Project("{9A19103F-16F7-4668-BE54-9A1E7A4F7556}") = "R5T.Teutonia.Default", "..\..\R5T.Teutonia.Default\source\R5T.Teutonia.Default\R5T.Teutonia.Default.csproj", "{56F47096-322C-48DC-AF60-87063600470C}"
EndProject
Project("{9A19103F-16F7-4668-BE54-9A1E7A4F7556}") = "R5T.Gepidia.Lombardy", "..\..\R5T.Gepidia.Lombardy\source\R5T.Gepidia.Lombardy\R5T.Gepidia.Lombardy.csproj", "{384FEF84-D819-4D59-8544-A4B40074DA62}"
EndProject
Global
	GlobalSection(SolutionConfigurationPlatforms) = preSolution
		Debug|Any CPU = Debug|Any CPU
		Debug|x64 = Debug|x64
		Debug|x86 = Debug|x86
		Release|Any CPU = Release|Any CPU
		Release|x64 = Release|x64
		Release|x86 = Release|x86
	EndGlobalSection
	GlobalSection(ProjectConfigurationPlatforms) = postSolution
		{9828A0A1-CAB5-45F1-9D2D-C79837505B1B}.Debug|Any CPU.ActiveCfg = Debug|Any CPU
		{9828A0A1-CAB5-45F1-9D2D-C79837505B1B}.Debug|Any CPU.Build.0 = Debug|Any CPU
		{9828A0A1-CAB5-45F1-9D2D-C79837505B1B}.Debug|x64.ActiveCfg = Debug|Any CPU
		{9828A0A1-CAB5-45F1-9D2D-C79837505B1B}.Debug|x64.Build.0 = Debug|Any CPU
		{9828A0A1-CAB5-45F1-9D2D-C79837505B1B}.Debug|x86.ActiveCfg = Debug|Any CPU
		{9828A0A1-CAB5-45F1-9D2D-C79837505B1B}.Debug|x86.Build.0 = Debug|Any CPU
		{9828A0A1-CAB5-45F1-9D2D-C79837505B1B}.Release|Any CPU.ActiveCfg = Release|Any CPU
		{9828A0A1-CAB5-45F1-9D2D-C79837505B1B}.Release|Any CPU.Build.0 = Release|Any CPU
		{9828A0A1-CAB5-45F1-9D2D-C79837505B1B}.Release|x64.ActiveCfg = Release|Any CPU
		{9828A0A1-CAB5-45F1-9D2D-C79837505B1B}.Release|x64.Build.0 = Release|Any CPU
		{9828A0A1-CAB5-45F1-9D2D-C79837505B1B}.Release|x86.ActiveCfg = Release|Any CPU
		{9828A0A1-CAB5-45F1-9D2D-C79837505B1B}.Release|x86.Build.0 = Release|Any CPU
		{3AF8B02B-854A-425D-9976-6452FEACB273}.Debug|Any CPU.ActiveCfg = Debug|Any CPU
		{3AF8B02B-854A-425D-9976-6452FEACB273}.Debug|Any CPU.Build.0 = Debug|Any CPU
		{3AF8B02B-854A-425D-9976-6452FEACB273}.Debug|x64.ActiveCfg = Debug|Any CPU
		{3AF8B02B-854A-425D-9976-6452FEACB273}.Debug|x64.Build.0 = Debug|Any CPU
		{3AF8B02B-854A-425D-9976-6452FEACB273}.Debug|x86.ActiveCfg = Debug|Any CPU
		{3AF8B02B-854A-425D-9976-6452FEACB273}.Debug|x86.Build.0 = Debug|Any CPU
		{3AF8B02B-854A-425D-9976-6452FEACB273}.Release|Any CPU.ActiveCfg = Release|Any CPU
		{3AF8B02B-854A-425D-9976-6452FEACB273}.Release|Any CPU.Build.0 = Release|Any CPU
		{3AF8B02B-854A-425D-9976-6452FEACB273}.Release|x64.ActiveCfg = Release|Any CPU
		{3AF8B02B-854A-425D-9976-6452FEACB273}.Release|x64.Build.0 = Release|Any CPU
		{3AF8B02B-854A-425D-9976-6452FEACB273}.Release|x86.ActiveCfg = Release|Any CPU
		{3AF8B02B-854A-425D-9976-6452FEACB273}.Release|x86.Build.0 = Release|Any CPU
		{8230FA03-6659-43A2-A17F-9FF8A9C57D41}.Debug|Any CPU.ActiveCfg = Debug|Any CPU
		{8230FA03-6659-43A2-A17F-9FF8A9C57D41}.Debug|Any CPU.Build.0 = Debug|Any CPU
		{8230FA03-6659-43A2-A17F-9FF8A9C57D41}.Debug|x64.ActiveCfg = Debug|Any CPU
		{8230FA03-6659-43A2-A17F-9FF8A9C57D41}.Debug|x64.Build.0 = Debug|Any CPU
		{8230FA03-6659-43A2-A17F-9FF8A9C57D41}.Debug|x86.ActiveCfg = Debug|Any CPU
		{8230FA03-6659-43A2-A17F-9FF8A9C57D41}.Debug|x86.Build.0 = Debug|Any CPU
		{8230FA03-6659-43A2-A17F-9FF8A9C57D41}.Release|Any CPU.ActiveCfg = Release|Any CPU
		{8230FA03-6659-43A2-A17F-9FF8A9C57D41}.Release|Any CPU.Build.0 = Release|Any CPU
		{8230FA03-6659-43A2-A17F-9FF8A9C57D41}.Release|x64.ActiveCfg = Release|Any CPU
		{8230FA03-6659-43A2-A17F-9FF8A9C57D41}.Release|x64.Build.0 = Release|Any CPU
		{8230FA03-6659-43A2-A17F-9FF8A9C57D41}.Release|x86.ActiveCfg = Release|Any CPU
		{8230FA03-6659-43A2-A17F-9FF8A9C57D41}.Release|x86.Build.0 = Release|Any CPU
		{DB6DB1CD-A63F-4A4F-BA85-D735ABD36113}.Debug|Any CPU.ActiveCfg = Debug|Any CPU
		{DB6DB1CD-A63F-4A4F-BA85-D735ABD36113}.Debug|Any CPU.Build.0 = Debug|Any CPU
		{DB6DB1CD-A63F-4A4F-BA85-D735ABD36113}.Debug|x64.ActiveCfg = Debug|Any CPU
		{DB6DB1CD-A63F-4A4F-BA85-D735ABD36113}.Debug|x64.Build.0 = Debug|Any CPU
		{DB6DB1CD-A63F-4A4F-BA85-D735ABD36113}.Debug|x86.ActiveCfg = Debug|Any CPU
		{DB6DB1CD-A63F-4A4F-BA85-D735ABD36113}.Debug|x86.Build.0 = Debug|Any CPU
		{DB6DB1CD-A63F-4A4F-BA85-D735ABD36113}.Release|Any CPU.ActiveCfg = Release|Any CPU
		{DB6DB1CD-A63F-4A4F-BA85-D735ABD36113}.Release|Any CPU.Build.0 = Release|Any CPU
		{DB6DB1CD-A63F-4A4F-BA85-D735ABD36113}.Release|x64.ActiveCfg = Release|Any CPU
		{DB6DB1CD-A63F-4A4F-BA85-D735ABD36113}.Release|x64.Build.0 = Release|Any CPU
		{DB6DB1CD-A63F-4A4F-BA85-D735ABD36113}.Release|x86.ActiveCfg = Release|Any CPU
		{DB6DB1CD-A63F-4A4F-BA85-D735ABD36113}.Release|x86.Build.0 = Release|Any CPU
		{3F77F693-9638-4082-8C40-BBC2FDF92C43}.Debug|Any CPU.ActiveCfg = Debug|Any CPU
		{3F77F693-9638-4082-8C40-BBC2FDF92C43}.Debug|Any CPU.Build.0 = Debug|Any CPU
		{3F77F693-9638-4082-8C40-BBC2FDF92C43}.Debug|x64.ActiveCfg = Debug|Any CPU
		{3F77F693-9638-4082-8C40-BBC2FDF92C43}.Debug|x64.Build.0 = Debug|Any CPU
		{3F77F693-9638-4082-8C40-BBC2FDF92C43}.Debug|x86.ActiveCfg = Debug|Any CPU
		{3F77F693-9638-4082-8C40-BBC2FDF92C43}.Debug|x86.Build.0 = Debug|Any CPU
		{3F77F693-9638-4082-8C40-BBC2FDF92C43}.Release|Any CPU.ActiveCfg = Release|Any CPU
		{3F77F693-9638-4082-8C40-BBC2FDF92C43}.Release|Any CPU.Build.0 = Release|Any CPU
		{3F77F693-9638-4082-8C40-BBC2FDF92C43}.Release|x64.ActiveCfg = Release|Any CPU
		{3F77F693-9638-4082-8C40-BBC2FDF92C43}.Release|x64.Build.0 = Release|Any CPU
		{3F77F693-9638-4082-8C40-BBC2FDF92C43}.Release|x86.ActiveCfg = Release|Any CPU
		{3F77F693-9638-4082-8C40-BBC2FDF92C43}.Release|x86.Build.0 = Release|Any CPU
		{05452A5C-0730-4453-8C13-FFBEE3BEC9BA}.Debug|Any CPU.ActiveCfg = Debug|Any CPU
		{05452A5C-0730-4453-8C13-FFBEE3BEC9BA}.Debug|Any CPU.Build.0 = Debug|Any CPU
		{05452A5C-0730-4453-8C13-FFBEE3BEC9BA}.Debug|x64.ActiveCfg = Debug|Any CPU
		{05452A5C-0730-4453-8C13-FFBEE3BEC9BA}.Debug|x64.Build.0 = Debug|Any CPU
		{05452A5C-0730-4453-8C13-FFBEE3BEC9BA}.Debug|x86.ActiveCfg = Debug|Any CPU
		{05452A5C-0730-4453-8C13-FFBEE3BEC9BA}.Debug|x86.Build.0 = Debug|Any CPU
		{05452A5C-0730-4453-8C13-FFBEE3BEC9BA}.Release|Any CPU.ActiveCfg = Release|Any CPU
		{05452A5C-0730-4453-8C13-FFBEE3BEC9BA}.Release|Any CPU.Build.0 = Release|Any CPU
		{05452A5C-0730-4453-8C13-FFBEE3BEC9BA}.Release|x64.ActiveCfg = Release|Any CPU
		{05452A5C-0730-4453-8C13-FFBEE3BEC9BA}.Release|x64.Build.0 = Release|Any CPU
		{05452A5C-0730-4453-8C13-FFBEE3BEC9BA}.Release|x86.ActiveCfg = Release|Any CPU
		{05452A5C-0730-4453-8C13-FFBEE3BEC9BA}.Release|x86.Build.0 = Release|Any CPU
		{552033E6-9476-46EC-90E4-04920540F401}.Debug|Any CPU.ActiveCfg = Debug|Any CPU
		{552033E6-9476-46EC-90E4-04920540F401}.Debug|Any CPU.Build.0 = Debug|Any CPU
		{552033E6-9476-46EC-90E4-04920540F401}.Debug|x64.ActiveCfg = Debug|Any CPU
		{552033E6-9476-46EC-90E4-04920540F401}.Debug|x64.Build.0 = Debug|Any CPU
		{552033E6-9476-46EC-90E4-04920540F401}.Debug|x86.ActiveCfg = Debug|Any CPU
		{552033E6-9476-46EC-90E4-04920540F401}.Debug|x86.Build.0 = Debug|Any CPU
		{552033E6-9476-46EC-90E4-04920540F401}.Release|Any CPU.ActiveCfg = Release|Any CPU
		{552033E6-9476-46EC-90E4-04920540F401}.Release|Any CPU.Build.0 = Release|Any CPU
		{552033E6-9476-46EC-90E4-04920540F401}.Release|x64.ActiveCfg = Release|Any CPU
		{552033E6-9476-46EC-90E4-04920540F401}.Release|x64.Build.0 = Release|Any CPU
		{552033E6-9476-46EC-90E4-04920540F401}.Release|x86.ActiveCfg = Release|Any CPU
		{552033E6-9476-46EC-90E4-04920540F401}.Release|x86.Build.0 = Release|Any CPU
		{E30B9500-4399-4B97-8E99-B6055C5AB501}.Debug|Any CPU.ActiveCfg = Debug|Any CPU
		{E30B9500-4399-4B97-8E99-B6055C5AB501}.Debug|Any CPU.Build.0 = Debug|Any CPU
		{E30B9500-4399-4B97-8E99-B6055C5AB501}.Debug|x64.ActiveCfg = Debug|Any CPU
		{E30B9500-4399-4B97-8E99-B6055C5AB501}.Debug|x64.Build.0 = Debug|Any CPU
		{E30B9500-4399-4B97-8E99-B6055C5AB501}.Debug|x86.ActiveCfg = Debug|Any CPU
		{E30B9500-4399-4B97-8E99-B6055C5AB501}.Debug|x86.Build.0 = Debug|Any CPU
		{E30B9500-4399-4B97-8E99-B6055C5AB501}.Release|Any CPU.ActiveCfg = Release|Any CPU
		{E30B9500-4399-4B97-8E99-B6055C5AB501}.Release|Any CPU.Build.0 = Release|Any CPU
		{E30B9500-4399-4B97-8E99-B6055C5AB501}.Release|x64.ActiveCfg = Release|Any CPU
		{E30B9500-4399-4B97-8E99-B6055C5AB501}.Release|x64.Build.0 = Release|Any CPU
		{E30B9500-4399-4B97-8E99-B6055C5AB501}.Release|x86.ActiveCfg = Release|Any CPU
		{E30B9500-4399-4B97-8E99-B6055C5AB501}.Release|x86.Build.0 = Release|Any CPU
		{EEE3782B-05B0-4138-A77D-BCE4F1273C5E}.Debug|Any CPU.ActiveCfg = Debug|Any CPU
		{EEE3782B-05B0-4138-A77D-BCE4F1273C5E}.Debug|Any CPU.Build.0 = Debug|Any CPU
		{EEE3782B-05B0-4138-A77D-BCE4F1273C5E}.Debug|x64.ActiveCfg = Debug|Any CPU
		{EEE3782B-05B0-4138-A77D-BCE4F1273C5E}.Debug|x64.Build.0 = Debug|Any CPU
		{EEE3782B-05B0-4138-A77D-BCE4F1273C5E}.Debug|x86.ActiveCfg = Debug|Any CPU
		{EEE3782B-05B0-4138-A77D-BCE4F1273C5E}.Debug|x86.Build.0 = Debug|Any CPU
		{EEE3782B-05B0-4138-A77D-BCE4F1273C5E}.Release|Any CPU.ActiveCfg = Release|Any CPU
		{EEE3782B-05B0-4138-A77D-BCE4F1273C5E}.Release|Any CPU.Build.0 = Release|Any CPU
		{EEE3782B-05B0-4138-A77D-BCE4F1273C5E}.Release|x64.ActiveCfg = Release|Any CPU
		{EEE3782B-05B0-4138-A77D-BCE4F1273C5E}.Release|x64.Build.0 = Release|Any CPU
		{EEE3782B-05B0-4138-A77D-BCE4F1273C5E}.Release|x86.ActiveCfg = Release|Any CPU
		{EEE3782B-05B0-4138-A77D-BCE4F1273C5E}.Release|x86.Build.0 = Release|Any CPU
		{FBCA95A9-E6D3-4224-B2C6-543F486BB18C}.Debug|Any CPU.ActiveCfg = Debug|Any CPU
		{FBCA95A9-E6D3-4224-B2C6-543F486BB18C}.Debug|Any CPU.Build.0 = Debug|Any CPU
		{FBCA95A9-E6D3-4224-B2C6-543F486BB18C}.Debug|x64.ActiveCfg = Debug|Any CPU
		{FBCA95A9-E6D3-4224-B2C6-543F486BB18C}.Debug|x64.Build.0 = Debug|Any CPU
		{FBCA95A9-E6D3-4224-B2C6-543F486BB18C}.Debug|x86.ActiveCfg = Debug|Any CPU
		{FBCA95A9-E6D3-4224-B2C6-543F486BB18C}.Debug|x86.Build.0 = Debug|Any CPU
		{FBCA95A9-E6D3-4224-B2C6-543F486BB18C}.Release|Any CPU.ActiveCfg = Release|Any CPU
		{FBCA95A9-E6D3-4224-B2C6-543F486BB18C}.Release|Any CPU.Build.0 = Release|Any CPU
		{FBCA95A9-E6D3-4224-B2C6-543F486BB18C}.Release|x64.ActiveCfg = Release|Any CPU
		{FBCA95A9-E6D3-4224-B2C6-543F486BB18C}.Release|x64.Build.0 = Release|Any CPU
		{FBCA95A9-E6D3-4224-B2C6-543F486BB18C}.Release|x86.ActiveCfg = Release|Any CPU
		{FBCA95A9-E6D3-4224-B2C6-543F486BB18C}.Release|x86.Build.0 = Release|Any CPU
		{CB83F21E-3307-45C5-9249-F888D4386746}.Debug|Any CPU.ActiveCfg = Debug|Any CPU
		{CB83F21E-3307-45C5-9249-F888D4386746}.Debug|Any CPU.Build.0 = Debug|Any CPU
		{CB83F21E-3307-45C5-9249-F888D4386746}.Debug|x64.ActiveCfg = Debug|Any CPU
		{CB83F21E-3307-45C5-9249-F888D4386746}.Debug|x64.Build.0 = Debug|Any CPU
		{CB83F21E-3307-45C5-9249-F888D4386746}.Debug|x86.ActiveCfg = Debug|Any CPU
		{CB83F21E-3307-45C5-9249-F888D4386746}.Debug|x86.Build.0 = Debug|Any CPU
		{CB83F21E-3307-45C5-9249-F888D4386746}.Release|Any CPU.ActiveCfg = Release|Any CPU
		{CB83F21E-3307-45C5-9249-F888D4386746}.Release|Any CPU.Build.0 = Release|Any CPU
		{CB83F21E-3307-45C5-9249-F888D4386746}.Release|x64.ActiveCfg = Release|Any CPU
		{CB83F21E-3307-45C5-9249-F888D4386746}.Release|x64.Build.0 = Release|Any CPU
		{CB83F21E-3307-45C5-9249-F888D4386746}.Release|x86.ActiveCfg = Release|Any CPU
		{CB83F21E-3307-45C5-9249-F888D4386746}.Release|x86.Build.0 = Release|Any CPU
		{8EB9C063-5489-41BF-BA66-9CE293266C0B}.Debug|Any CPU.ActiveCfg = Debug|Any CPU
		{8EB9C063-5489-41BF-BA66-9CE293266C0B}.Debug|Any CPU.Build.0 = Debug|Any CPU
		{8EB9C063-5489-41BF-BA66-9CE293266C0B}.Debug|x64.ActiveCfg = Debug|Any CPU
		{8EB9C063-5489-41BF-BA66-9CE293266C0B}.Debug|x64.Build.0 = Debug|Any CPU
		{8EB9C063-5489-41BF-BA66-9CE293266C0B}.Debug|x86.ActiveCfg = Debug|Any CPU
		{8EB9C063-5489-41BF-BA66-9CE293266C0B}.Debug|x86.Build.0 = Debug|Any CPU
		{8EB9C063-5489-41BF-BA66-9CE293266C0B}.Release|Any CPU.ActiveCfg = Release|Any CPU
		{8EB9C063-5489-41BF-BA66-9CE293266C0B}.Release|Any CPU.Build.0 = Release|Any CPU
		{8EB9C063-5489-41BF-BA66-9CE293266C0B}.Release|x64.ActiveCfg = Release|Any CPU
		{8EB9C063-5489-41BF-BA66-9CE293266C0B}.Release|x64.Build.0 = Release|Any CPU
		{8EB9C063-5489-41BF-BA66-9CE293266C0B}.Release|x86.ActiveCfg = Release|Any CPU
		{8EB9C063-5489-41BF-BA66-9CE293266C0B}.Release|x86.Build.0 = Release|Any CPU
		{4F7B00D3-5033-4901-A4E6-855BE8759947}.Debug|Any CPU.ActiveCfg = Debug|Any CPU
		{4F7B00D3-5033-4901-A4E6-855BE8759947}.Debug|Any CPU.Build.0 = Debug|Any CPU
		{4F7B00D3-5033-4901-A4E6-855BE8759947}.Debug|x64.ActiveCfg = Debug|Any CPU
		{4F7B00D3-5033-4901-A4E6-855BE8759947}.Debug|x64.Build.0 = Debug|Any CPU
		{4F7B00D3-5033-4901-A4E6-855BE8759947}.Debug|x86.ActiveCfg = Debug|Any CPU
		{4F7B00D3-5033-4901-A4E6-855BE8759947}.Debug|x86.Build.0 = Debug|Any CPU
		{4F7B00D3-5033-4901-A4E6-855BE8759947}.Release|Any CPU.ActiveCfg = Release|Any CPU
		{4F7B00D3-5033-4901-A4E6-855BE8759947}.Release|Any CPU.Build.0 = Release|Any CPU
		{4F7B00D3-5033-4901-A4E6-855BE8759947}.Release|x64.ActiveCfg = Release|Any CPU
		{4F7B00D3-5033-4901-A4E6-855BE8759947}.Release|x64.Build.0 = Release|Any CPU
		{4F7B00D3-5033-4901-A4E6-855BE8759947}.Release|x86.ActiveCfg = Release|Any CPU
		{4F7B00D3-5033-4901-A4E6-855BE8759947}.Release|x86.Build.0 = Release|Any CPU
		{3474E6E7-3FCF-4C2F-B36A-C2C1F7367F8D}.Debug|Any CPU.ActiveCfg = Debug|Any CPU
		{3474E6E7-3FCF-4C2F-B36A-C2C1F7367F8D}.Debug|Any CPU.Build.0 = Debug|Any CPU
		{3474E6E7-3FCF-4C2F-B36A-C2C1F7367F8D}.Debug|x64.ActiveCfg = Debug|Any CPU
		{3474E6E7-3FCF-4C2F-B36A-C2C1F7367F8D}.Debug|x64.Build.0 = Debug|Any CPU
		{3474E6E7-3FCF-4C2F-B36A-C2C1F7367F8D}.Debug|x86.ActiveCfg = Debug|Any CPU
		{3474E6E7-3FCF-4C2F-B36A-C2C1F7367F8D}.Debug|x86.Build.0 = Debug|Any CPU
		{3474E6E7-3FCF-4C2F-B36A-C2C1F7367F8D}.Release|Any CPU.ActiveCfg = Release|Any CPU
		{3474E6E7-3FCF-4C2F-B36A-C2C1F7367F8D}.Release|Any CPU.Build.0 = Release|Any CPU
		{3474E6E7-3FCF-4C2F-B36A-C2C1F7367F8D}.Release|x64.ActiveCfg = Release|Any CPU
		{3474E6E7-3FCF-4C2F-B36A-C2C1F7367F8D}.Release|x64.Build.0 = Release|Any CPU
		{3474E6E7-3FCF-4C2F-B36A-C2C1F7367F8D}.Release|x86.ActiveCfg = Release|Any CPU
		{3474E6E7-3FCF-4C2F-B36A-C2C1F7367F8D}.Release|x86.Build.0 = Release|Any CPU
		{9F0B0747-0F8A-410E-9D12-A81E67803C7A}.Debug|Any CPU.ActiveCfg = Debug|Any CPU
		{9F0B0747-0F8A-410E-9D12-A81E67803C7A}.Debug|Any CPU.Build.0 = Debug|Any CPU
		{9F0B0747-0F8A-410E-9D12-A81E67803C7A}.Debug|x64.ActiveCfg = Debug|Any CPU
		{9F0B0747-0F8A-410E-9D12-A81E67803C7A}.Debug|x64.Build.0 = Debug|Any CPU
		{9F0B0747-0F8A-410E-9D12-A81E67803C7A}.Debug|x86.ActiveCfg = Debug|Any CPU
		{9F0B0747-0F8A-410E-9D12-A81E67803C7A}.Debug|x86.Build.0 = Debug|Any CPU
		{9F0B0747-0F8A-410E-9D12-A81E67803C7A}.Release|Any CPU.ActiveCfg = Release|Any CPU
		{9F0B0747-0F8A-410E-9D12-A81E67803C7A}.Release|Any CPU.Build.0 = Release|Any CPU
		{9F0B0747-0F8A-410E-9D12-A81E67803C7A}.Release|x64.ActiveCfg = Release|Any CPU
		{9F0B0747-0F8A-410E-9D12-A81E67803C7A}.Release|x64.Build.0 = Release|Any CPU
		{9F0B0747-0F8A-410E-9D12-A81E67803C7A}.Release|x86.ActiveCfg = Release|Any CPU
		{9F0B0747-0F8A-410E-9D12-A81E67803C7A}.Release|x86.Build.0 = Release|Any CPU
		{12A253FC-FDE1-46CD-91D7-69F835ED7CE8}.Debug|Any CPU.ActiveCfg = Debug|Any CPU
		{12A253FC-FDE1-46CD-91D7-69F835ED7CE8}.Debug|Any CPU.Build.0 = Debug|Any CPU
		{12A253FC-FDE1-46CD-91D7-69F835ED7CE8}.Debug|x64.ActiveCfg = Debug|Any CPU
		{12A253FC-FDE1-46CD-91D7-69F835ED7CE8}.Debug|x64.Build.0 = Debug|Any CPU
		{12A253FC-FDE1-46CD-91D7-69F835ED7CE8}.Debug|x86.ActiveCfg = Debug|Any CPU
		{12A253FC-FDE1-46CD-91D7-69F835ED7CE8}.Debug|x86.Build.0 = Debug|Any CPU
		{12A253FC-FDE1-46CD-91D7-69F835ED7CE8}.Release|Any CPU.ActiveCfg = Release|Any CPU
		{12A253FC-FDE1-46CD-91D7-69F835ED7CE8}.Release|Any CPU.Build.0 = Release|Any CPU
		{12A253FC-FDE1-46CD-91D7-69F835ED7CE8}.Release|x64.ActiveCfg = Release|Any CPU
		{12A253FC-FDE1-46CD-91D7-69F835ED7CE8}.Release|x64.Build.0 = Release|Any CPU
		{12A253FC-FDE1-46CD-91D7-69F835ED7CE8}.Release|x86.ActiveCfg = Release|Any CPU
		{12A253FC-FDE1-46CD-91D7-69F835ED7CE8}.Release|x86.Build.0 = Release|Any CPU
		{BCB5D4E2-83F5-4F94-830D-3DEE3544B975}.Debug|Any CPU.ActiveCfg = Debug|Any CPU
		{BCB5D4E2-83F5-4F94-830D-3DEE3544B975}.Debug|Any CPU.Build.0 = Debug|Any CPU
		{BCB5D4E2-83F5-4F94-830D-3DEE3544B975}.Debug|x64.ActiveCfg = Debug|Any CPU
		{BCB5D4E2-83F5-4F94-830D-3DEE3544B975}.Debug|x64.Build.0 = Debug|Any CPU
		{BCB5D4E2-83F5-4F94-830D-3DEE3544B975}.Debug|x86.ActiveCfg = Debug|Any CPU
		{BCB5D4E2-83F5-4F94-830D-3DEE3544B975}.Debug|x86.Build.0 = Debug|Any CPU
		{BCB5D4E2-83F5-4F94-830D-3DEE3544B975}.Release|Any CPU.ActiveCfg = Release|Any CPU
		{BCB5D4E2-83F5-4F94-830D-3DEE3544B975}.Release|Any CPU.Build.0 = Release|Any CPU
		{BCB5D4E2-83F5-4F94-830D-3DEE3544B975}.Release|x64.ActiveCfg = Release|Any CPU
		{BCB5D4E2-83F5-4F94-830D-3DEE3544B975}.Release|x64.Build.0 = Release|Any CPU
		{BCB5D4E2-83F5-4F94-830D-3DEE3544B975}.Release|x86.ActiveCfg = Release|Any CPU
		{BCB5D4E2-83F5-4F94-830D-3DEE3544B975}.Release|x86.Build.0 = Release|Any CPU
		{1ED8CEC1-357E-4C07-A730-2F033AD054DC}.Debug|Any CPU.ActiveCfg = Debug|Any CPU
		{1ED8CEC1-357E-4C07-A730-2F033AD054DC}.Debug|Any CPU.Build.0 = Debug|Any CPU
		{1ED8CEC1-357E-4C07-A730-2F033AD054DC}.Debug|x64.ActiveCfg = Debug|Any CPU
		{1ED8CEC1-357E-4C07-A730-2F033AD054DC}.Debug|x64.Build.0 = Debug|Any CPU
		{1ED8CEC1-357E-4C07-A730-2F033AD054DC}.Debug|x86.ActiveCfg = Debug|Any CPU
		{1ED8CEC1-357E-4C07-A730-2F033AD054DC}.Debug|x86.Build.0 = Debug|Any CPU
		{1ED8CEC1-357E-4C07-A730-2F033AD054DC}.Release|Any CPU.ActiveCfg = Release|Any CPU
		{1ED8CEC1-357E-4C07-A730-2F033AD054DC}.Release|Any CPU.Build.0 = Release|Any CPU
		{1ED8CEC1-357E-4C07-A730-2F033AD054DC}.Release|x64.ActiveCfg = Release|Any CPU
		{1ED8CEC1-357E-4C07-A730-2F033AD054DC}.Release|x64.Build.0 = Release|Any CPU
		{1ED8CEC1-357E-4C07-A730-2F033AD054DC}.Release|x86.ActiveCfg = Release|Any CPU
		{1ED8CEC1-357E-4C07-A730-2F033AD054DC}.Release|x86.Build.0 = Release|Any CPU
		{59EB73FA-E797-4475-8D2E-53B372C30F5A}.Debug|Any CPU.ActiveCfg = Debug|Any CPU
		{59EB73FA-E797-4475-8D2E-53B372C30F5A}.Debug|Any CPU.Build.0 = Debug|Any CPU
		{59EB73FA-E797-4475-8D2E-53B372C30F5A}.Debug|x64.ActiveCfg = Debug|Any CPU
		{59EB73FA-E797-4475-8D2E-53B372C30F5A}.Debug|x64.Build.0 = Debug|Any CPU
		{59EB73FA-E797-4475-8D2E-53B372C30F5A}.Debug|x86.ActiveCfg = Debug|Any CPU
		{59EB73FA-E797-4475-8D2E-53B372C30F5A}.Debug|x86.Build.0 = Debug|Any CPU
		{59EB73FA-E797-4475-8D2E-53B372C30F5A}.Release|Any CPU.ActiveCfg = Release|Any CPU
		{59EB73FA-E797-4475-8D2E-53B372C30F5A}.Release|Any CPU.Build.0 = Release|Any CPU
		{59EB73FA-E797-4475-8D2E-53B372C30F5A}.Release|x64.ActiveCfg = Release|Any CPU
		{59EB73FA-E797-4475-8D2E-53B372C30F5A}.Release|x64.Build.0 = Release|Any CPU
		{59EB73FA-E797-4475-8D2E-53B372C30F5A}.Release|x86.ActiveCfg = Release|Any CPU
		{59EB73FA-E797-4475-8D2E-53B372C30F5A}.Release|x86.Build.0 = Release|Any CPU
		{28B1BFEB-C951-4311-BA0C-47BDA4E3B378}.Debug|Any CPU.ActiveCfg = Debug|Any CPU
		{28B1BFEB-C951-4311-BA0C-47BDA4E3B378}.Debug|Any CPU.Build.0 = Debug|Any CPU
		{28B1BFEB-C951-4311-BA0C-47BDA4E3B378}.Debug|x64.ActiveCfg = Debug|Any CPU
		{28B1BFEB-C951-4311-BA0C-47BDA4E3B378}.Debug|x64.Build.0 = Debug|Any CPU
		{28B1BFEB-C951-4311-BA0C-47BDA4E3B378}.Debug|x86.ActiveCfg = Debug|Any CPU
		{28B1BFEB-C951-4311-BA0C-47BDA4E3B378}.Debug|x86.Build.0 = Debug|Any CPU
		{28B1BFEB-C951-4311-BA0C-47BDA4E3B378}.Release|Any CPU.ActiveCfg = Release|Any CPU
		{28B1BFEB-C951-4311-BA0C-47BDA4E3B378}.Release|Any CPU.Build.0 = Release|Any CPU
		{28B1BFEB-C951-4311-BA0C-47BDA4E3B378}.Release|x64.ActiveCfg = Release|Any CPU
		{28B1BFEB-C951-4311-BA0C-47BDA4E3B378}.Release|x64.Build.0 = Release|Any CPU
		{28B1BFEB-C951-4311-BA0C-47BDA4E3B378}.Release|x86.ActiveCfg = Release|Any CPU
		{28B1BFEB-C951-4311-BA0C-47BDA4E3B378}.Release|x86.Build.0 = Release|Any CPU
		{30539E19-83BD-4953-95FF-EFE85533EC37}.Debug|Any CPU.ActiveCfg = Debug|Any CPU
		{30539E19-83BD-4953-95FF-EFE85533EC37}.Debug|Any CPU.Build.0 = Debug|Any CPU
		{30539E19-83BD-4953-95FF-EFE85533EC37}.Debug|x64.ActiveCfg = Debug|Any CPU
		{30539E19-83BD-4953-95FF-EFE85533EC37}.Debug|x64.Build.0 = Debug|Any CPU
		{30539E19-83BD-4953-95FF-EFE85533EC37}.Debug|x86.ActiveCfg = Debug|Any CPU
		{30539E19-83BD-4953-95FF-EFE85533EC37}.Debug|x86.Build.0 = Debug|Any CPU
		{30539E19-83BD-4953-95FF-EFE85533EC37}.Release|Any CPU.ActiveCfg = Release|Any CPU
		{30539E19-83BD-4953-95FF-EFE85533EC37}.Release|Any CPU.Build.0 = Release|Any CPU
		{30539E19-83BD-4953-95FF-EFE85533EC37}.Release|x64.ActiveCfg = Release|Any CPU
		{30539E19-83BD-4953-95FF-EFE85533EC37}.Release|x64.Build.0 = Release|Any CPU
		{30539E19-83BD-4953-95FF-EFE85533EC37}.Release|x86.ActiveCfg = Release|Any CPU
		{30539E19-83BD-4953-95FF-EFE85533EC37}.Release|x86.Build.0 = Release|Any CPU
		{95EA4CC9-C944-4A21-9961-B15932B2BD1E}.Debug|Any CPU.ActiveCfg = Debug|Any CPU
		{95EA4CC9-C944-4A21-9961-B15932B2BD1E}.Debug|Any CPU.Build.0 = Debug|Any CPU
		{95EA4CC9-C944-4A21-9961-B15932B2BD1E}.Debug|x64.ActiveCfg = Debug|Any CPU
		{95EA4CC9-C944-4A21-9961-B15932B2BD1E}.Debug|x64.Build.0 = Debug|Any CPU
		{95EA4CC9-C944-4A21-9961-B15932B2BD1E}.Debug|x86.ActiveCfg = Debug|Any CPU
		{95EA4CC9-C944-4A21-9961-B15932B2BD1E}.Debug|x86.Build.0 = Debug|Any CPU
		{95EA4CC9-C944-4A21-9961-B15932B2BD1E}.Release|Any CPU.ActiveCfg = Release|Any CPU
		{95EA4CC9-C944-4A21-9961-B15932B2BD1E}.Release|Any CPU.Build.0 = Release|Any CPU
		{95EA4CC9-C944-4A21-9961-B15932B2BD1E}.Release|x64.ActiveCfg = Release|Any CPU
		{95EA4CC9-C944-4A21-9961-B15932B2BD1E}.Release|x64.Build.0 = Release|Any CPU
		{95EA4CC9-C944-4A21-9961-B15932B2BD1E}.Release|x86.ActiveCfg = Release|Any CPU
		{95EA4CC9-C944-4A21-9961-B15932B2BD1E}.Release|x86.Build.0 = Release|Any CPU
		{22AEECFD-7539-47B0-9E60-7D3E52973F09}.Debug|Any CPU.ActiveCfg = Debug|Any CPU
		{22AEECFD-7539-47B0-9E60-7D3E52973F09}.Debug|Any CPU.Build.0 = Debug|Any CPU
		{22AEECFD-7539-47B0-9E60-7D3E52973F09}.Debug|x64.ActiveCfg = Debug|Any CPU
		{22AEECFD-7539-47B0-9E60-7D3E52973F09}.Debug|x64.Build.0 = Debug|Any CPU
		{22AEECFD-7539-47B0-9E60-7D3E52973F09}.Debug|x86.ActiveCfg = Debug|Any CPU
		{22AEECFD-7539-47B0-9E60-7D3E52973F09}.Debug|x86.Build.0 = Debug|Any CPU
		{22AEECFD-7539-47B0-9E60-7D3E52973F09}.Release|Any CPU.ActiveCfg = Release|Any CPU
		{22AEECFD-7539-47B0-9E60-7D3E52973F09}.Release|Any CPU.Build.0 = Release|Any CPU
		{22AEECFD-7539-47B0-9E60-7D3E52973F09}.Release|x64.ActiveCfg = Release|Any CPU
		{22AEECFD-7539-47B0-9E60-7D3E52973F09}.Release|x64.Build.0 = Release|Any CPU
		{22AEECFD-7539-47B0-9E60-7D3E52973F09}.Release|x86.ActiveCfg = Release|Any CPU
		{22AEECFD-7539-47B0-9E60-7D3E52973F09}.Release|x86.Build.0 = Release|Any CPU
		{34D1B071-2BCB-45CE-B131-34D92501C2CC}.Debug|Any CPU.ActiveCfg = Debug|Any CPU
		{34D1B071-2BCB-45CE-B131-34D92501C2CC}.Debug|Any CPU.Build.0 = Debug|Any CPU
		{34D1B071-2BCB-45CE-B131-34D92501C2CC}.Debug|x64.ActiveCfg = Debug|Any CPU
		{34D1B071-2BCB-45CE-B131-34D92501C2CC}.Debug|x64.Build.0 = Debug|Any CPU
		{34D1B071-2BCB-45CE-B131-34D92501C2CC}.Debug|x86.ActiveCfg = Debug|Any CPU
		{34D1B071-2BCB-45CE-B131-34D92501C2CC}.Debug|x86.Build.0 = Debug|Any CPU
		{34D1B071-2BCB-45CE-B131-34D92501C2CC}.Release|Any CPU.ActiveCfg = Release|Any CPU
		{34D1B071-2BCB-45CE-B131-34D92501C2CC}.Release|Any CPU.Build.0 = Release|Any CPU
		{34D1B071-2BCB-45CE-B131-34D92501C2CC}.Release|x64.ActiveCfg = Release|Any CPU
		{34D1B071-2BCB-45CE-B131-34D92501C2CC}.Release|x64.Build.0 = Release|Any CPU
		{34D1B071-2BCB-45CE-B131-34D92501C2CC}.Release|x86.ActiveCfg = Release|Any CPU
		{34D1B071-2BCB-45CE-B131-34D92501C2CC}.Release|x86.Build.0 = Release|Any CPU
		{2A1186E9-5909-4DD8-89E8-3A899F525A1D}.Debug|Any CPU.ActiveCfg = Debug|Any CPU
		{2A1186E9-5909-4DD8-89E8-3A899F525A1D}.Debug|Any CPU.Build.0 = Debug|Any CPU
		{2A1186E9-5909-4DD8-89E8-3A899F525A1D}.Debug|x64.ActiveCfg = Debug|Any CPU
		{2A1186E9-5909-4DD8-89E8-3A899F525A1D}.Debug|x64.Build.0 = Debug|Any CPU
		{2A1186E9-5909-4DD8-89E8-3A899F525A1D}.Debug|x86.ActiveCfg = Debug|Any CPU
		{2A1186E9-5909-4DD8-89E8-3A899F525A1D}.Debug|x86.Build.0 = Debug|Any CPU
		{2A1186E9-5909-4DD8-89E8-3A899F525A1D}.Release|Any CPU.ActiveCfg = Release|Any CPU
		{2A1186E9-5909-4DD8-89E8-3A899F525A1D}.Release|Any CPU.Build.0 = Release|Any CPU
		{2A1186E9-5909-4DD8-89E8-3A899F525A1D}.Release|x64.ActiveCfg = Release|Any CPU
		{2A1186E9-5909-4DD8-89E8-3A899F525A1D}.Release|x64.Build.0 = Release|Any CPU
		{2A1186E9-5909-4DD8-89E8-3A899F525A1D}.Release|x86.ActiveCfg = Release|Any CPU
		{2A1186E9-5909-4DD8-89E8-3A899F525A1D}.Release|x86.Build.0 = Release|Any CPU
		{2E74BAC0-D97A-4B08-8438-35E4014CAFD5}.Debug|Any CPU.ActiveCfg = Debug|Any CPU
		{2E74BAC0-D97A-4B08-8438-35E4014CAFD5}.Debug|Any CPU.Build.0 = Debug|Any CPU
		{2E74BAC0-D97A-4B08-8438-35E4014CAFD5}.Debug|x64.ActiveCfg = Debug|Any CPU
		{2E74BAC0-D97A-4B08-8438-35E4014CAFD5}.Debug|x64.Build.0 = Debug|Any CPU
		{2E74BAC0-D97A-4B08-8438-35E4014CAFD5}.Debug|x86.ActiveCfg = Debug|Any CPU
		{2E74BAC0-D97A-4B08-8438-35E4014CAFD5}.Debug|x86.Build.0 = Debug|Any CPU
		{2E74BAC0-D97A-4B08-8438-35E4014CAFD5}.Release|Any CPU.ActiveCfg = Release|Any CPU
		{2E74BAC0-D97A-4B08-8438-35E4014CAFD5}.Release|Any CPU.Build.0 = Release|Any CPU
		{2E74BAC0-D97A-4B08-8438-35E4014CAFD5}.Release|x64.ActiveCfg = Release|Any CPU
		{2E74BAC0-D97A-4B08-8438-35E4014CAFD5}.Release|x64.Build.0 = Release|Any CPU
		{2E74BAC0-D97A-4B08-8438-35E4014CAFD5}.Release|x86.ActiveCfg = Release|Any CPU
		{2E74BAC0-D97A-4B08-8438-35E4014CAFD5}.Release|x86.Build.0 = Release|Any CPU
		{10644BCD-13F3-416F-8172-0925D35C4699}.Debug|Any CPU.ActiveCfg = Debug|Any CPU
		{10644BCD-13F3-416F-8172-0925D35C4699}.Debug|Any CPU.Build.0 = Debug|Any CPU
		{10644BCD-13F3-416F-8172-0925D35C4699}.Debug|x64.ActiveCfg = Debug|Any CPU
		{10644BCD-13F3-416F-8172-0925D35C4699}.Debug|x64.Build.0 = Debug|Any CPU
		{10644BCD-13F3-416F-8172-0925D35C4699}.Debug|x86.ActiveCfg = Debug|Any CPU
		{10644BCD-13F3-416F-8172-0925D35C4699}.Debug|x86.Build.0 = Debug|Any CPU
		{10644BCD-13F3-416F-8172-0925D35C4699}.Release|Any CPU.ActiveCfg = Release|Any CPU
		{10644BCD-13F3-416F-8172-0925D35C4699}.Release|Any CPU.Build.0 = Release|Any CPU
		{10644BCD-13F3-416F-8172-0925D35C4699}.Release|x64.ActiveCfg = Release|Any CPU
		{10644BCD-13F3-416F-8172-0925D35C4699}.Release|x64.Build.0 = Release|Any CPU
		{10644BCD-13F3-416F-8172-0925D35C4699}.Release|x86.ActiveCfg = Release|Any CPU
		{10644BCD-13F3-416F-8172-0925D35C4699}.Release|x86.Build.0 = Release|Any CPU
		{F8555710-85A9-41B0-A048-E5A08AD674A9}.Debug|Any CPU.ActiveCfg = Debug|Any CPU
		{F8555710-85A9-41B0-A048-E5A08AD674A9}.Debug|Any CPU.Build.0 = Debug|Any CPU
		{F8555710-85A9-41B0-A048-E5A08AD674A9}.Debug|x64.ActiveCfg = Debug|Any CPU
		{F8555710-85A9-41B0-A048-E5A08AD674A9}.Debug|x64.Build.0 = Debug|Any CPU
		{F8555710-85A9-41B0-A048-E5A08AD674A9}.Debug|x86.ActiveCfg = Debug|Any CPU
		{F8555710-85A9-41B0-A048-E5A08AD674A9}.Debug|x86.Build.0 = Debug|Any CPU
		{F8555710-85A9-41B0-A048-E5A08AD674A9}.Release|Any CPU.ActiveCfg = Release|Any CPU
		{F8555710-85A9-41B0-A048-E5A08AD674A9}.Release|Any CPU.Build.0 = Release|Any CPU
		{F8555710-85A9-41B0-A048-E5A08AD674A9}.Release|x64.ActiveCfg = Release|Any CPU
		{F8555710-85A9-41B0-A048-E5A08AD674A9}.Release|x64.Build.0 = Release|Any CPU
		{F8555710-85A9-41B0-A048-E5A08AD674A9}.Release|x86.ActiveCfg = Release|Any CPU
		{F8555710-85A9-41B0-A048-E5A08AD674A9}.Release|x86.Build.0 = Release|Any CPU
		{AF330A71-9EE9-44B7-8BEC-8E089F0EFAFA}.Debug|Any CPU.ActiveCfg = Debug|Any CPU
		{AF330A71-9EE9-44B7-8BEC-8E089F0EFAFA}.Debug|Any CPU.Build.0 = Debug|Any CPU
		{AF330A71-9EE9-44B7-8BEC-8E089F0EFAFA}.Debug|x64.ActiveCfg = Debug|Any CPU
		{AF330A71-9EE9-44B7-8BEC-8E089F0EFAFA}.Debug|x64.Build.0 = Debug|Any CPU
		{AF330A71-9EE9-44B7-8BEC-8E089F0EFAFA}.Debug|x86.ActiveCfg = Debug|Any CPU
		{AF330A71-9EE9-44B7-8BEC-8E089F0EFAFA}.Debug|x86.Build.0 = Debug|Any CPU
		{AF330A71-9EE9-44B7-8BEC-8E089F0EFAFA}.Release|Any CPU.ActiveCfg = Release|Any CPU
		{AF330A71-9EE9-44B7-8BEC-8E089F0EFAFA}.Release|Any CPU.Build.0 = Release|Any CPU
		{AF330A71-9EE9-44B7-8BEC-8E089F0EFAFA}.Release|x64.ActiveCfg = Release|Any CPU
		{AF330A71-9EE9-44B7-8BEC-8E089F0EFAFA}.Release|x64.Build.0 = Release|Any CPU
		{AF330A71-9EE9-44B7-8BEC-8E089F0EFAFA}.Release|x86.ActiveCfg = Release|Any CPU
		{AF330A71-9EE9-44B7-8BEC-8E089F0EFAFA}.Release|x86.Build.0 = Release|Any CPU
		{DD8229E5-4822-407B-B336-1333552A71ED}.Debug|Any CPU.ActiveCfg = Debug|Any CPU
		{DD8229E5-4822-407B-B336-1333552A71ED}.Debug|Any CPU.Build.0 = Debug|Any CPU
		{DD8229E5-4822-407B-B336-1333552A71ED}.Debug|x64.ActiveCfg = Debug|Any CPU
		{DD8229E5-4822-407B-B336-1333552A71ED}.Debug|x64.Build.0 = Debug|Any CPU
		{DD8229E5-4822-407B-B336-1333552A71ED}.Debug|x86.ActiveCfg = Debug|Any CPU
		{DD8229E5-4822-407B-B336-1333552A71ED}.Debug|x86.Build.0 = Debug|Any CPU
		{DD8229E5-4822-407B-B336-1333552A71ED}.Release|Any CPU.ActiveCfg = Release|Any CPU
		{DD8229E5-4822-407B-B336-1333552A71ED}.Release|Any CPU.Build.0 = Release|Any CPU
		{DD8229E5-4822-407B-B336-1333552A71ED}.Release|x64.ActiveCfg = Release|Any CPU
		{DD8229E5-4822-407B-B336-1333552A71ED}.Release|x64.Build.0 = Release|Any CPU
		{DD8229E5-4822-407B-B336-1333552A71ED}.Release|x86.ActiveCfg = Release|Any CPU
		{DD8229E5-4822-407B-B336-1333552A71ED}.Release|x86.Build.0 = Release|Any CPU
		{698487E1-806A-4473-9C89-E968564936EE}.Debug|Any CPU.ActiveCfg = Debug|Any CPU
		{698487E1-806A-4473-9C89-E968564936EE}.Debug|Any CPU.Build.0 = Debug|Any CPU
		{698487E1-806A-4473-9C89-E968564936EE}.Debug|x64.ActiveCfg = Debug|Any CPU
		{698487E1-806A-4473-9C89-E968564936EE}.Debug|x64.Build.0 = Debug|Any CPU
		{698487E1-806A-4473-9C89-E968564936EE}.Debug|x86.ActiveCfg = Debug|Any CPU
		{698487E1-806A-4473-9C89-E968564936EE}.Debug|x86.Build.0 = Debug|Any CPU
		{698487E1-806A-4473-9C89-E968564936EE}.Release|Any CPU.ActiveCfg = Release|Any CPU
		{698487E1-806A-4473-9C89-E968564936EE}.Release|Any CPU.Build.0 = Release|Any CPU
		{698487E1-806A-4473-9C89-E968564936EE}.Release|x64.ActiveCfg = Release|Any CPU
		{698487E1-806A-4473-9C89-E968564936EE}.Release|x64.Build.0 = Release|Any CPU
		{698487E1-806A-4473-9C89-E968564936EE}.Release|x86.ActiveCfg = Release|Any CPU
		{698487E1-806A-4473-9C89-E968564936EE}.Release|x86.Build.0 = Release|Any CPU
		{8720FD43-59A9-47DD-B532-0E9258417D3D}.Debug|Any CPU.ActiveCfg = Debug|Any CPU
		{8720FD43-59A9-47DD-B532-0E9258417D3D}.Debug|Any CPU.Build.0 = Debug|Any CPU
		{8720FD43-59A9-47DD-B532-0E9258417D3D}.Debug|x64.ActiveCfg = Debug|Any CPU
		{8720FD43-59A9-47DD-B532-0E9258417D3D}.Debug|x64.Build.0 = Debug|Any CPU
		{8720FD43-59A9-47DD-B532-0E9258417D3D}.Debug|x86.ActiveCfg = Debug|Any CPU
		{8720FD43-59A9-47DD-B532-0E9258417D3D}.Debug|x86.Build.0 = Debug|Any CPU
		{8720FD43-59A9-47DD-B532-0E9258417D3D}.Release|Any CPU.ActiveCfg = Release|Any CPU
		{8720FD43-59A9-47DD-B532-0E9258417D3D}.Release|Any CPU.Build.0 = Release|Any CPU
		{8720FD43-59A9-47DD-B532-0E9258417D3D}.Release|x64.ActiveCfg = Release|Any CPU
		{8720FD43-59A9-47DD-B532-0E9258417D3D}.Release|x64.Build.0 = Release|Any CPU
		{8720FD43-59A9-47DD-B532-0E9258417D3D}.Release|x86.ActiveCfg = Release|Any CPU
		{8720FD43-59A9-47DD-B532-0E9258417D3D}.Release|x86.Build.0 = Release|Any CPU
		{7D7B6EDC-FB2E-47ED-ADD5-BFE47660EFED}.Debug|Any CPU.ActiveCfg = Debug|Any CPU
		{7D7B6EDC-FB2E-47ED-ADD5-BFE47660EFED}.Debug|Any CPU.Build.0 = Debug|Any CPU
		{7D7B6EDC-FB2E-47ED-ADD5-BFE47660EFED}.Debug|x64.ActiveCfg = Debug|Any CPU
		{7D7B6EDC-FB2E-47ED-ADD5-BFE47660EFED}.Debug|x64.Build.0 = Debug|Any CPU
		{7D7B6EDC-FB2E-47ED-ADD5-BFE47660EFED}.Debug|x86.ActiveCfg = Debug|Any CPU
		{7D7B6EDC-FB2E-47ED-ADD5-BFE47660EFED}.Debug|x86.Build.0 = Debug|Any CPU
		{7D7B6EDC-FB2E-47ED-ADD5-BFE47660EFED}.Release|Any CPU.ActiveCfg = Release|Any CPU
		{7D7B6EDC-FB2E-47ED-ADD5-BFE47660EFED}.Release|Any CPU.Build.0 = Release|Any CPU
		{7D7B6EDC-FB2E-47ED-ADD5-BFE47660EFED}.Release|x64.ActiveCfg = Release|Any CPU
		{7D7B6EDC-FB2E-47ED-ADD5-BFE47660EFED}.Release|x64.Build.0 = Release|Any CPU
		{7D7B6EDC-FB2E-47ED-ADD5-BFE47660EFED}.Release|x86.ActiveCfg = Release|Any CPU
		{7D7B6EDC-FB2E-47ED-ADD5-BFE47660EFED}.Release|x86.Build.0 = Release|Any CPU
		{F843929D-B260-4198-B1F5-C5679475CF87}.Debug|Any CPU.ActiveCfg = Debug|Any CPU
		{F843929D-B260-4198-B1F5-C5679475CF87}.Debug|Any CPU.Build.0 = Debug|Any CPU
		{F843929D-B260-4198-B1F5-C5679475CF87}.Debug|x64.ActiveCfg = Debug|Any CPU
		{F843929D-B260-4198-B1F5-C5679475CF87}.Debug|x64.Build.0 = Debug|Any CPU
		{F843929D-B260-4198-B1F5-C5679475CF87}.Debug|x86.ActiveCfg = Debug|Any CPU
		{F843929D-B260-4198-B1F5-C5679475CF87}.Debug|x86.Build.0 = Debug|Any CPU
		{F843929D-B260-4198-B1F5-C5679475CF87}.Release|Any CPU.ActiveCfg = Release|Any CPU
		{F843929D-B260-4198-B1F5-C5679475CF87}.Release|Any CPU.Build.0 = Release|Any CPU
		{F843929D-B260-4198-B1F5-C5679475CF87}.Release|x64.ActiveCfg = Release|Any CPU
		{F843929D-B260-4198-B1F5-C5679475CF87}.Release|x64.Build.0 = Release|Any CPU
		{F843929D-B260-4198-B1F5-C5679475CF87}.Release|x86.ActiveCfg = Release|Any CPU
		{F843929D-B260-4198-B1F5-C5679475CF87}.Release|x86.Build.0 = Release|Any CPU
		{B955990B-964B-4A09-B0BB-352C1DDFD207}.Debug|Any CPU.ActiveCfg = Debug|Any CPU
		{B955990B-964B-4A09-B0BB-352C1DDFD207}.Debug|Any CPU.Build.0 = Debug|Any CPU
		{B955990B-964B-4A09-B0BB-352C1DDFD207}.Debug|x64.ActiveCfg = Debug|Any CPU
		{B955990B-964B-4A09-B0BB-352C1DDFD207}.Debug|x64.Build.0 = Debug|Any CPU
		{B955990B-964B-4A09-B0BB-352C1DDFD207}.Debug|x86.ActiveCfg = Debug|Any CPU
		{B955990B-964B-4A09-B0BB-352C1DDFD207}.Debug|x86.Build.0 = Debug|Any CPU
		{B955990B-964B-4A09-B0BB-352C1DDFD207}.Release|Any CPU.ActiveCfg = Release|Any CPU
		{B955990B-964B-4A09-B0BB-352C1DDFD207}.Release|Any CPU.Build.0 = Release|Any CPU
		{B955990B-964B-4A09-B0BB-352C1DDFD207}.Release|x64.ActiveCfg = Release|Any CPU
		{B955990B-964B-4A09-B0BB-352C1DDFD207}.Release|x64.Build.0 = Release|Any CPU
		{B955990B-964B-4A09-B0BB-352C1DDFD207}.Release|x86.ActiveCfg = Release|Any CPU
		{B955990B-964B-4A09-B0BB-352C1DDFD207}.Release|x86.Build.0 = Release|Any CPU
		{6D5BAEB2-0E65-4434-B5C5-BEBBC23DC9A7}.Debug|Any CPU.ActiveCfg = Debug|Any CPU
		{6D5BAEB2-0E65-4434-B5C5-BEBBC23DC9A7}.Debug|Any CPU.Build.0 = Debug|Any CPU
		{6D5BAEB2-0E65-4434-B5C5-BEBBC23DC9A7}.Debug|x64.ActiveCfg = Debug|Any CPU
		{6D5BAEB2-0E65-4434-B5C5-BEBBC23DC9A7}.Debug|x64.Build.0 = Debug|Any CPU
		{6D5BAEB2-0E65-4434-B5C5-BEBBC23DC9A7}.Debug|x86.ActiveCfg = Debug|Any CPU
		{6D5BAEB2-0E65-4434-B5C5-BEBBC23DC9A7}.Debug|x86.Build.0 = Debug|Any CPU
		{6D5BAEB2-0E65-4434-B5C5-BEBBC23DC9A7}.Release|Any CPU.ActiveCfg = Release|Any CPU
		{6D5BAEB2-0E65-4434-B5C5-BEBBC23DC9A7}.Release|Any CPU.Build.0 = Release|Any CPU
		{6D5BAEB2-0E65-4434-B5C5-BEBBC23DC9A7}.Release|x64.ActiveCfg = Release|Any CPU
		{6D5BAEB2-0E65-4434-B5C5-BEBBC23DC9A7}.Release|x64.Build.0 = Release|Any CPU
		{6D5BAEB2-0E65-4434-B5C5-BEBBC23DC9A7}.Release|x86.ActiveCfg = Release|Any CPU
		{6D5BAEB2-0E65-4434-B5C5-BEBBC23DC9A7}.Release|x86.Build.0 = Release|Any CPU
		{2EB84F7B-950F-4DD6-A440-C54C57BD762D}.Debug|Any CPU.ActiveCfg = Debug|Any CPU
		{2EB84F7B-950F-4DD6-A440-C54C57BD762D}.Debug|Any CPU.Build.0 = Debug|Any CPU
		{2EB84F7B-950F-4DD6-A440-C54C57BD762D}.Debug|x64.ActiveCfg = Debug|Any CPU
		{2EB84F7B-950F-4DD6-A440-C54C57BD762D}.Debug|x64.Build.0 = Debug|Any CPU
		{2EB84F7B-950F-4DD6-A440-C54C57BD762D}.Debug|x86.ActiveCfg = Debug|Any CPU
		{2EB84F7B-950F-4DD6-A440-C54C57BD762D}.Debug|x86.Build.0 = Debug|Any CPU
		{2EB84F7B-950F-4DD6-A440-C54C57BD762D}.Release|Any CPU.ActiveCfg = Release|Any CPU
		{2EB84F7B-950F-4DD6-A440-C54C57BD762D}.Release|Any CPU.Build.0 = Release|Any CPU
		{2EB84F7B-950F-4DD6-A440-C54C57BD762D}.Release|x64.ActiveCfg = Release|Any CPU
		{2EB84F7B-950F-4DD6-A440-C54C57BD762D}.Release|x64.Build.0 = Release|Any CPU
		{2EB84F7B-950F-4DD6-A440-C54C57BD762D}.Release|x86.ActiveCfg = Release|Any CPU
		{2EB84F7B-950F-4DD6-A440-C54C57BD762D}.Release|x86.Build.0 = Release|Any CPU
		{56F47096-322C-48DC-AF60-87063600470C}.Debug|Any CPU.ActiveCfg = Debug|Any CPU
		{56F47096-322C-48DC-AF60-87063600470C}.Debug|Any CPU.Build.0 = Debug|Any CPU
		{56F47096-322C-48DC-AF60-87063600470C}.Debug|x64.ActiveCfg = Debug|Any CPU
		{56F47096-322C-48DC-AF60-87063600470C}.Debug|x64.Build.0 = Debug|Any CPU
		{56F47096-322C-48DC-AF60-87063600470C}.Debug|x86.ActiveCfg = Debug|Any CPU
		{56F47096-322C-48DC-AF60-87063600470C}.Debug|x86.Build.0 = Debug|Any CPU
		{56F47096-322C-48DC-AF60-87063600470C}.Release|Any CPU.ActiveCfg = Release|Any CPU
		{56F47096-322C-48DC-AF60-87063600470C}.Release|Any CPU.Build.0 = Release|Any CPU
		{56F47096-322C-48DC-AF60-87063600470C}.Release|x64.ActiveCfg = Release|Any CPU
		{56F47096-322C-48DC-AF60-87063600470C}.Release|x64.Build.0 = Release|Any CPU
		{56F47096-322C-48DC-AF60-87063600470C}.Release|x86.ActiveCfg = Release|Any CPU
		{56F47096-322C-48DC-AF60-87063600470C}.Release|x86.Build.0 = Release|Any CPU
		{384FEF84-D819-4D59-8544-A4B40074DA62}.Debug|Any CPU.ActiveCfg = Debug|Any CPU
		{384FEF84-D819-4D59-8544-A4B40074DA62}.Debug|Any CPU.Build.0 = Debug|Any CPU
		{384FEF84-D819-4D59-8544-A4B40074DA62}.Debug|x64.ActiveCfg = Debug|Any CPU
		{384FEF84-D819-4D59-8544-A4B40074DA62}.Debug|x64.Build.0 = Debug|Any CPU
		{384FEF84-D819-4D59-8544-A4B40074DA62}.Debug|x86.ActiveCfg = Debug|Any CPU
		{384FEF84-D819-4D59-8544-A4B40074DA62}.Debug|x86.Build.0 = Debug|Any CPU
		{384FEF84-D819-4D59-8544-A4B40074DA62}.Release|Any CPU.ActiveCfg = Release|Any CPU
		{384FEF84-D819-4D59-8544-A4B40074DA62}.Release|Any CPU.Build.0 = Release|Any CPU
		{384FEF84-D819-4D59-8544-A4B40074DA62}.Release|x64.ActiveCfg = Release|Any CPU
		{384FEF84-D819-4D59-8544-A4B40074DA62}.Release|x64.Build.0 = Release|Any CPU
		{384FEF84-D819-4D59-8544-A4B40074DA62}.Release|x86.ActiveCfg = Release|Any CPU
		{384FEF84-D819-4D59-8544-A4B40074DA62}.Release|x86.Build.0 = Release|Any CPU
	EndGlobalSection
	GlobalSection(SolutionProperties) = preSolution
		HideSolutionNode = FALSE
	EndGlobalSection
	GlobalSection(NestedProjects) = preSolution
		{8230FA03-6659-43A2-A17F-9FF8A9C57D41} = {62C99F5C-B8EB-4FEF-B5CB-BDD05C53934F}
		{DB6DB1CD-A63F-4A4F-BA85-D735ABD36113} = {62C99F5C-B8EB-4FEF-B5CB-BDD05C53934F}
		{3F77F693-9638-4082-8C40-BBC2FDF92C43} = {62C99F5C-B8EB-4FEF-B5CB-BDD05C53934F}
		{05452A5C-0730-4453-8C13-FFBEE3BEC9BA} = {62C99F5C-B8EB-4FEF-B5CB-BDD05C53934F}
		{552033E6-9476-46EC-90E4-04920540F401} = {62C99F5C-B8EB-4FEF-B5CB-BDD05C53934F}
		{E30B9500-4399-4B97-8E99-B6055C5AB501} = {62C99F5C-B8EB-4FEF-B5CB-BDD05C53934F}
		{EEE3782B-05B0-4138-A77D-BCE4F1273C5E} = {62C99F5C-B8EB-4FEF-B5CB-BDD05C53934F}
		{FBCA95A9-E6D3-4224-B2C6-543F486BB18C} = {62C99F5C-B8EB-4FEF-B5CB-BDD05C53934F}
		{CB83F21E-3307-45C5-9249-F888D4386746} = {62C99F5C-B8EB-4FEF-B5CB-BDD05C53934F}
		{8EB9C063-5489-41BF-BA66-9CE293266C0B} = {62C99F5C-B8EB-4FEF-B5CB-BDD05C53934F}
		{4F7B00D3-5033-4901-A4E6-855BE8759947} = {62C99F5C-B8EB-4FEF-B5CB-BDD05C53934F}
		{3474E6E7-3FCF-4C2F-B36A-C2C1F7367F8D} = {62C99F5C-B8EB-4FEF-B5CB-BDD05C53934F}
		{9F0B0747-0F8A-410E-9D12-A81E67803C7A} = {62C99F5C-B8EB-4FEF-B5CB-BDD05C53934F}
		{12A253FC-FDE1-46CD-91D7-69F835ED7CE8} = {62C99F5C-B8EB-4FEF-B5CB-BDD05C53934F}
		{BCB5D4E2-83F5-4F94-830D-3DEE3544B975} = {62C99F5C-B8EB-4FEF-B5CB-BDD05C53934F}
		{1ED8CEC1-357E-4C07-A730-2F033AD054DC} = {62C99F5C-B8EB-4FEF-B5CB-BDD05C53934F}
		{59EB73FA-E797-4475-8D2E-53B372C30F5A} = {62C99F5C-B8EB-4FEF-B5CB-BDD05C53934F}
		{28B1BFEB-C951-4311-BA0C-47BDA4E3B378} = {62C99F5C-B8EB-4FEF-B5CB-BDD05C53934F}
		{30539E19-83BD-4953-95FF-EFE85533EC37} = {62C99F5C-B8EB-4FEF-B5CB-BDD05C53934F}
		{95EA4CC9-C944-4A21-9961-B15932B2BD1E} = {62C99F5C-B8EB-4FEF-B5CB-BDD05C53934F}
		{22AEECFD-7539-47B0-9E60-7D3E52973F09} = {62C99F5C-B8EB-4FEF-B5CB-BDD05C53934F}
		{34D1B071-2BCB-45CE-B131-34D92501C2CC} = {62C99F5C-B8EB-4FEF-B5CB-BDD05C53934F}
		{2A1186E9-5909-4DD8-89E8-3A899F525A1D} = {62C99F5C-B8EB-4FEF-B5CB-BDD05C53934F}
		{2E74BAC0-D97A-4B08-8438-35E4014CAFD5} = {62C99F5C-B8EB-4FEF-B5CB-BDD05C53934F}
		{10644BCD-13F3-416F-8172-0925D35C4699} = {62C99F5C-B8EB-4FEF-B5CB-BDD05C53934F}
		{F8555710-85A9-41B0-A048-E5A08AD674A9} = {62C99F5C-B8EB-4FEF-B5CB-BDD05C53934F}
		{AF330A71-9EE9-44B7-8BEC-8E089F0EFAFA} = {62C99F5C-B8EB-4FEF-B5CB-BDD05C53934F}
		{DD8229E5-4822-407B-B336-1333552A71ED} = {62C99F5C-B8EB-4FEF-B5CB-BDD05C53934F}
		{698487E1-806A-4473-9C89-E968564936EE} = {62C99F5C-B8EB-4FEF-B5CB-BDD05C53934F}
		{8720FD43-59A9-47DD-B532-0E9258417D3D} = {62C99F5C-B8EB-4FEF-B5CB-BDD05C53934F}
		{7D7B6EDC-FB2E-47ED-ADD5-BFE47660EFED} = {62C99F5C-B8EB-4FEF-B5CB-BDD05C53934F}
		{F843929D-B260-4198-B1F5-C5679475CF87} = {62C99F5C-B8EB-4FEF-B5CB-BDD05C53934F}
		{B955990B-964B-4A09-B0BB-352C1DDFD207} = {62C99F5C-B8EB-4FEF-B5CB-BDD05C53934F}
		{6D5BAEB2-0E65-4434-B5C5-BEBBC23DC9A7} = {62C99F5C-B8EB-4FEF-B5CB-BDD05C53934F}
		{2EB84F7B-950F-4DD6-A440-C54C57BD762D} = {62C99F5C-B8EB-4FEF-B5CB-BDD05C53934F}
		{56F47096-322C-48DC-AF60-87063600470C} = {62C99F5C-B8EB-4FEF-B5CB-BDD05C53934F}
		{384FEF84-D819-4D59-8544-A4B40074DA62} = {62C99F5C-B8EB-4FEF-B5CB-BDD05C53934F}
	EndGlobalSection
	GlobalSection(ExtensibilityGlobals) = postSolution
		SolutionGuid = {3650F323-C1A0-491E-9841-5FE183259452}
	EndGlobalSection
EndGlobal
